
Microsoft Visual Studio Solution File, Format Version 12.00
# Visual Studio Version 17
VisualStudioVersion = 17.3.32929.385
MinimumVisualStudioVersion = 10.0.40219.1
Project("{FAE04EC0-301F-11D3-BF4B-00C04F79EFBC}") = "p21120ball", "p21120ball\p21120ball.csproj", "{70CE5D18-B88C-4EF8-9010-9E9641029C1F}"
EndProject
Global
	GlobalSection(SolutionConfigurationPlatforms) = preSolution
		Debug|Any CPU = Debug|Any CPU
		Release|Any CPU = Release|Any CPU
	EndGlobalSection
	GlobalSection(ProjectConfigurationPlatforms) = postSolution
		{70CE5D18-B88C-4EF8-9010-9E9641029C1F}.Debug|Any CPU.ActiveCfg = Debug|Any CPU
		{70CE5D18-B88C-4EF8-9010-9E9641029C1F}.Debug|Any CPU.Build.0 = Debug|Any CPU
		{70CE5D18-B88C-4EF8-9010-9E9641029C1F}.Release|Any CPU.ActiveCfg = Release|Any CPU
		{70CE5D18-B88C-4EF8-9010-9E9641029C1F}.Release|Any CPU.Build.0 = Release|Any CPU
	EndGlobalSection
	GlobalSection(SolutionProperties) = preSolution
		HideSolutionNode = FALSE
	EndGlobalSection
	GlobalSection(ExtensibilityGlobals) = postSolution
		SolutionGuid = {09B737A5-396D-4274-BC7B-84301171A395}
	EndGlobalSection
EndGlobal
